
Microsoft Visual Studio Solution File, Format Version 12.00
# Visual Studio Version 16
VisualStudioVersion = 16.0.29911.84
MinimumVisualStudioVersion = 10.0.40219.1
Project("{FAE04EC0-301F-11D3-BF4B-00C04F79EFBC}") = "Lab8_LINQ", "Lab8_LINQ\Lab8_LINQ.csproj", "{FDA595B3-59C1-459A-8EB7-FB3AC73E6AEC}"
EndProject
Global
	GlobalSection(SolutionConfigurationPlatforms) = preSolution
		Debug|Any CPU = Debug|Any CPU
		Release|Any CPU = Release|Any CPU
	EndGlobalSection
	GlobalSection(ProjectConfigurationPlatforms) = postSolution
		{FDA595B3-59C1-459A-8EB7-FB3AC73E6AEC}.Debug|Any CPU.ActiveCfg = Debug|Any CPU
		{FDA595B3-59C1-459A-8EB7-FB3AC73E6AEC}.Debug|Any CPU.Build.0 = Debug|Any CPU
		{FDA595B3-59C1-459A-8EB7-FB3AC73E6AEC}.Release|Any CPU.ActiveCfg = Release|Any CPU
		{FDA595B3-59C1-459A-8EB7-FB3AC73E6AEC}.Release|Any CPU.Build.0 = Release|Any CPU
	EndGlobalSection
	GlobalSection(SolutionProperties) = preSolution
		HideSolutionNode = FALSE
	EndGlobalSection
	GlobalSection(ExtensibilityGlobals) = postSolution
		SolutionGuid = {4EDAE124-5719-4A90-AFF7-E706121F27AF}
	EndGlobalSection
EndGlobal
